
Microsoft Visual Studio Solution File, Format Version 12.00
# Visual Studio Version 16
VisualStudioVersion = 16.0.31129.286
MinimumVisualStudioVersion = 10.0.40219.1
Project("{FAE04EC0-301F-11D3-BF4B-00C04F79EFBC}") = "TicTacToe", "TicTacToe\TicTacToe.csproj", "{EDDDB1CD-C07C-489D-9807-9A10EB7F323B}"
EndProject
Global
	GlobalSection(SolutionConfigurationPlatforms) = preSolution
		Debug|Any CPU = Debug|Any CPU
		Release|Any CPU = Release|Any CPU
	EndGlobalSection
	GlobalSection(ProjectConfigurationPlatforms) = postSolution
		{EDDDB1CD-C07C-489D-9807-9A10EB7F323B}.Debug|Any CPU.ActiveCfg = Debug|Any CPU
		{EDDDB1CD-C07C-489D-9807-9A10EB7F323B}.Debug|Any CPU.Build.0 = Debug|Any CPU
		{EDDDB1CD-C07C-489D-9807-9A10EB7F323B}.Release|Any CPU.ActiveCfg = Release|Any CPU
		{EDDDB1CD-C07C-489D-9807-9A10EB7F323B}.Release|Any CPU.Build.0 = Release|Any CPU
	EndGlobalSection
	GlobalSection(SolutionProperties) = preSolution
		HideSolutionNode = FALSE
	EndGlobalSection
	GlobalSection(ExtensibilityGlobals) = postSolution
		SolutionGuid = {7EB397C5-42C3-43B9-9C8E-4E139507714A}
	EndGlobalSection
EndGlobal
